
Microsoft Visual Studio Solution File, Format Version 12.00
# Visual Studio Version 17
VisualStudioVersion = 17.0.31903.59
MinimumVisualStudioVersion = 10.0.40219.1
Project("{9A19103F-16F7-4668-BE54-9A1E7A4F7556}") = "Indexer", "src\Indexer\Indexer.csproj", "{FD98C183-F1AD-401B-A259-2A0DE2159CAC}"
EndProject
Project("{2150E333-8FDC-42A3-9474-1A3956D46DE8}") = "Solution Items", "Solution Items", "{E87FB87B-F7C7-4D5C-9F76-86213B839CDF}"
	ProjectSection(SolutionItems) = preProject
		Directory.Build.props = Directory.Build.props
		Directory.Build.targets = Directory.Build.targets
		OutputBuildProject.props = OutputBuildProject.props
	EndProjectSection
EndProject
Project("{9A19103F-16F7-4668-BE54-9A1E7A4F7556}") = "Indexer.Tests", "tests\Indexer.Tests\Indexer.Tests.csproj", "{6EE9F6F4-2A37-46C0-BF05-60C168AD9AC4}"
EndProject
Global
	GlobalSection(SolutionConfigurationPlatforms) = preSolution
		Debug|Any CPU = Debug|Any CPU
		Release|Any CPU = Release|Any CPU
	EndGlobalSection
	GlobalSection(ProjectConfigurationPlatforms) = postSolution
		{FD98C183-F1AD-401B-A259-2A0DE2159CAC}.Debug|Any CPU.ActiveCfg = Debug|Any CPU
		{FD98C183-F1AD-401B-A259-2A0DE2159CAC}.Debug|Any CPU.Build.0 = Debug|Any CPU
		{FD98C183-F1AD-401B-A259-2A0DE2159CAC}.Release|Any CPU.ActiveCfg = Release|Any CPU
		{FD98C183-F1AD-401B-A259-2A0DE2159CAC}.Release|Any CPU.Build.0 = Release|Any CPU
		{6EE9F6F4-2A37-46C0-BF05-60C168AD9AC4}.Debug|Any CPU.ActiveCfg = Debug|Any CPU
		{6EE9F6F4-2A37-46C0-BF05-60C168AD9AC4}.Debug|Any CPU.Build.0 = Debug|Any CPU
		{6EE9F6F4-2A37-46C0-BF05-60C168AD9AC4}.Release|Any CPU.ActiveCfg = Release|Any CPU
		{6EE9F6F4-2A37-46C0-BF05-60C168AD9AC4}.Release|Any CPU.Build.0 = Release|Any CPU
	EndGlobalSection
	GlobalSection(SolutionProperties) = preSolution
		HideSolutionNode = FALSE
	EndGlobalSection
	GlobalSection(ExtensibilityGlobals) = postSolution
		SolutionGuid = {D24CFD62-D338-4DC1-8942-121265125C0B}
	EndGlobalSection
EndGlobal
